<?xml version="1.0" encoding="utf-8"?>
<Project ToolsVersion="4.0" xmlns="http://schemas.microsoft.com/developer/msbuild/2003">
  <ItemGroup>
    <ClCompile Include="..\cpu.c" />
    <ClCompile Include="..\main.c" />
    <ClCompile Include="..\gfx\avi.c">
      <Filter>gfx</Filter>
    </ClCompile>
    <ClCompile Include="..\gfx\buttons.c">
      <Filter>gfx</Filter>
    </ClCompile>
    <ClCompile Include="..\gfx\gfx.c">
      <Filter>gfx</Filter>
    </ClCompile>
    <ClCompile Include="..\gfx\triangulator.c">
      <Filter>gfx</Filter>
    </ClCompile>
    <ClCompile Include="..\gfx\window_win32.c">
      <Filter>gfx</Filter>
    </ClCompile>
    <ClCompile Include="..\gfx\GL\glew.c">
      <Filter>gfx\GL</Filter>
    </ClCompile>
    <ClCompile Include="..\test.cpp" />
  </ItemGroup>
  <ItemGroup>
    <Filter Include="gfx">
      <UniqueIdentifier>{8e915338-3264-46c9-8033-b9e5b124f625}</UniqueIdentifier>
    </Filter>
    <Filter Include="gfx\GL">
      <UniqueIdentifier>{080638bb-6d6e-4bbc-b027-076250c6f275}</UniqueIdentifier>
    </Filter>
  </ItemGroup>
  <ItemGroup>
    <ClInclude Include="..\gfx\avi.h">
      <Filter>gfx</Filter>
    </ClInclude>
    <ClInclude Include="..\gfx\buttons.h">
      <Filter>gfx</Filter>
    </ClInclude>
    <ClInclude Include="..\gfx\buttons_common.h">
      <Filter>gfx</Filter>
    </ClInclude>
    <ClInclude Include="..\gfx\buttons_win32.h">
      <Filter>gfx</Filter>
    </ClInclude>
    <ClInclude Include="..\gfx\gfx.h">
      <Filter>gfx</Filter>
    </ClInclude>
    <ClInclude Include="..\gfx\triangulator.h">
      <Filter>gfx</Filter>
    </ClInclude>
    <ClInclude Include="..\gfx\window.h">
      <Filter>gfx</Filter>
    </ClInclude>
    <ClInclude Include="..\gfx\window_common.h">
      <Filter>gfx</Filter>
    </ClInclude>
    <ClInclude Include="..\gfx\GL\glew.h">
      <Filter>gfx\GL</Filter>
    </ClInclude>
    <ClInclude Include="..\gfx\GL\wglew.h">
      <Filter>gfx\GL</Filter>
    </ClInclude>
    <ClInclude Include="..\gfx\buttons_dinput.h">
      <Filter>gfx</Filter>
    </ClInclude>
  </ItemGroup>
</Project>